<?xml version="1.0" encoding="utf-8"?>
<Project ToolsVersion="4.0" xmlns="http://schemas.microsoft.com/developer/msbuild/2003">
  <ItemGroup>
    <Filter Include="Source Files">
      <UniqueIdentifier>{4FC737F1-C7A5-4376-A066-2A32D752A2FF}</UniqueIdentifier>
      <Extensions>cpp;c;cc;cxx;def;odl;idl;hpj;bat;asm;asmx</Extensions>
    </Filter>
    <Filter Include="Header Files">
      <UniqueIdentifier>{93995380-89BD-4b04-88EB-625FBE52EBFB}</UniqueIdentifier>
      <Extensions>h;hh;hpp;hxx;hm;inl;inc;ipp;xsd</Extensions>
    </Filter>
    <Filter Include="Resource Files">
      <UniqueIdentifier>{67DA6AB6-F800-4c08-8B7A-83BB121AAD01}</UniqueIdentifier>
      <Extensions>rc;ico;cur;bmp;dlg;rc2;rct;bin;rgs;gif;jpg;jpeg;jpe;resx;tiff;tif;png;wav;mfcribbon-ms</Extensions>
    </Filter>
  </ItemGroup>
  <ItemGroup>
    <ClCompile Include="yak\src\kfusion\core.cpp">
      <Filter>Source Files</Filter>
    </ClCompile>
    <ClCompile Include="yak\src\kfusion\device_memory.cpp">
      <Filter>Source Files</Filter>
    </ClCompile>
    <ClCompile Include="yak\src\kfusion\imgproc.cpp">
      <Filter>Source Files</Filter>
    </ClCompile>
    <ClCompile Include="yak\src\kfusion\kinfu.cpp">
      <Filter>Source Files</Filter>
    </ClCompile>
    <ClCompile Include="yak\src\kfusion\precomp.cpp">
      <Filter>Source Files</Filter>
    </ClCompile>
    <ClCompile Include="yak\src\kfusion\projective_icp.cpp">
      <Filter>Source Files</Filter>
    </ClCompile>
    <ClCompile Include="yak\src\kfusion\tsdf_container.cpp">
      <Filter>Source Files</Filter>
    </ClCompile>
    <ClCompile Include="yak\src\kfusion\tsdf_volume.cpp">
      <Filter>Source Files</Filter>
    </ClCompile>
    <ClCompile Include="yak\src\yak_server.cpp">
      <Filter>Source Files</Filter>
    </ClCompile>
    <ClCompile Include="yak\src\mc\marching_cubes_tables.cpp">
      <Filter>Source Files</Filter>
    </ClCompile>
  </ItemGroup>
  <ItemGroup>
    <ClInclude Include="yak\include\yak\kfusion\cuda\device.hpp">
      <Filter>Header Files</Filter>
    </ClInclude>
    <ClInclude Include="yak\include\yak\kfusion\cuda\device_array.hpp">
      <Filter>Header Files</Filter>
    </ClInclude>
    <ClInclude Include="yak\include\yak\kfusion\cuda\device_memory.hpp">
      <Filter>Header Files</Filter>
    </ClInclude>
    <ClInclude Include="yak\include\yak\kfusion\cuda\imgproc.hpp">
      <Filter>Header Files</Filter>
    </ClInclude>
    <ClInclude Include="yak\include\yak\kfusion\cuda\kernel_containers.hpp">
      <Filter>Header Files</Filter>
    </ClInclude>
    <ClInclude Include="yak\include\yak\kfusion\cuda\projective_icp.hpp">
      <Filter>Header Files</Filter>
    </ClInclude>
    <ClInclude Include="yak\include\yak\kfusion\cuda\temp_utils.hpp">
      <Filter>Header Files</Filter>
    </ClInclude>
    <ClInclude Include="yak\include\yak\kfusion\cuda\texture_binder.hpp">
      <Filter>Header Files</Filter>
    </ClInclude>
    <ClInclude Include="yak\include\yak\kfusion\cuda\tsdf_volume.hpp">
      <Filter>Header Files</Filter>
    </ClInclude>
    <ClInclude Include="yak\include\yak\kfusion\exports.hpp">
      <Filter>Header Files</Filter>
    </ClInclude>
    <ClInclude Include="yak\include\yak\kfusion\half.hpp">
      <Filter>Header Files</Filter>
    </ClInclude>
    <ClInclude Include="yak\include\yak\kfusion\internal.hpp">
      <Filter>Header Files</Filter>
    </ClInclude>
    <ClInclude Include="yak\include\yak\kfusion\kinfu.hpp">
      <Filter>Header Files</Filter>
    </ClInclude>
    <ClInclude Include="yak\include\yak\kfusion\precomp.hpp">
      <Filter>Header Files</Filter>
    </ClInclude>
    <ClInclude Include="yak\include\yak\kfusion\safe_call.hpp">
      <Filter>Header Files</Filter>
    </ClInclude>
    <ClInclude Include="yak\include\yak\kfusion\tsdf_container.h">
      <Filter>Header Files</Filter>
    </ClInclude>
    <ClInclude Include="yak\include\yak\kfusion\types.hpp">
      <Filter>Header Files</Filter>
    </ClInclude>
    <ClInclude Include="yak\include\yak\yak_server.h">
      <Filter>Header Files</Filter>
    </ClInclude>
  </ItemGroup>
  <ItemGroup>
    <CudaCompile Include="yak\src\cuda\imgproc.cu" />
    <CudaCompile Include="yak\src\cuda\proj_icp.cu" />
    <CudaCompile Include="yak\src\cuda\tsdf_volume.cu" />
  </ItemGroup>
</Project>